<?xml version="1.0" encoding="utf-8"?>
<Project ToolsVersion="4.0" xmlns="http://schemas.microsoft.com/developer/msbuild/2003">
  <ItemGroup>
    <Filter Include="资源文件">
      <UniqueIdentifier>{67DA6AB6-F800-4c08-8B7A-83BB121AAD01}</UniqueIdentifier>
      <Extensions>rc;ico;cur;bmp;dlg;rc2;rct;bin;rgs;gif;jpg;jpeg;jpe;resx;tiff;tif;png;wav;mfcribbon-ms</Extensions>
    </Filter>
    <Filter Include="include">
      <UniqueIdentifier>{7e390b2c-b112-4ed0-9d1a-63a9d3abc657}</UniqueIdentifier>
    </Filter>
    <Filter Include="src">
      <UniqueIdentifier>{1d6c9a54-7f45-4a33-bdea-9f19c27cf0a7}</UniqueIdentifier>
    </Filter>
    <Filter Include="include\math">
      <UniqueIdentifier>{c33d72f5-34c7-493b-ac82-baa9dc7bb7f8}</UniqueIdentifier>
    </Filter>
  </ItemGroup>
  <ItemGroup>
    <ClInclude Include="..\modules\math\include\math.hpp">
      <Filter>include</Filter>
    </ClInclude>
    <ClInclude Include="..\modules\math\include\math\fft.h">
      <Filter>include\math</Filter>
    </ClInclude>
    <ClInclude Include="..\modules\math\include\math\gaussian.hpp">
      <Filter>include\math</Filter>
    </ClInclude>
    <ClInclude Include="..\modules\math\include\math\polynomialevaluation.hpp">
      <Filter>include\math</Filter>
    </ClInclude>
    <ClInclude Include="..\modules\math\include\math\rand.h">
      <Filter>include\math</Filter>
    </ClInclude>
    <ClInclude Include="..\modules\math\include\math\LevenbergMarquardt.h">
      <Filter>include\math</Filter>
    </ClInclude>
    <ClInclude Include="..\modules\math\include\math\geometry.hpp">
      <Filter>include\math</Filter>
    </ClInclude>
  </ItemGroup>
  <ItemGroup>
    <ClCompile Include="..\modules\math\src\fft.cpp">
      <Filter>src</Filter>
    </ClCompile>
    <ClCompile Include="..\modules\math\src\polynomialevaluation.cpp">
      <Filter>src</Filter>
    </ClCompile>
    <ClCompile Include="..\modules\math\src\rand.cpp">
      <Filter>src</Filter>
    </ClCompile>
    <ClCompile Include="..\modules\math\src\LevenbergMarquardt.cpp">
      <Filter>src</Filter>
    </ClCompile>
  </ItemGroup>
</Project>