
Microsoft Visual Studio Solution File, Format Version 12.00
# Visual Studio Version 16
VisualStudioVersion = 16.0.31727.386
MinimumVisualStudioVersion = 10.0.40219.1
Project("{8BC9CEB8-8B4A-11D0-8D11-00A0C91BC942}") = "Core", "Core\Core.vcxproj", "{0023FF2A-40B6-4AC7-8D6F-2D357B706951}"
EndProject
Project("{8BC9CEB8-8B4A-11D0-8D11-00A0C91BC942}") = "test", "test\test.vcxproj", "{97E46EE3-951B-4313-AA7D-ABAA0E11EED1}"
EndProject
Project("{8BC9CEB8-8B4A-11D0-8D11-00A0C91BC942}") = "ComputerGeometry", "ComputerGeometry\ComputerGeometry.vcxproj", "{24CE26D2-7E1F-46B5-94EE-5C8EE209E19D}"
EndProject
Project("{8BC9CEB8-8B4A-11D0-8D11-00A0C91BC942}") = "Graph", "Graph\Graph.vcxproj", "{25B63C57-3B34-4217-89E1-DB9AD9A9ABB5}"
EndProject
Project("{8BC9CEB8-8B4A-11D0-8D11-00A0C91BC942}") = "Math", "Math\Math.vcxproj", "{FF2F4166-A6E7-4D67-A62C-701C2721FA96}"
EndProject
Project("{8BC9CEB8-8B4A-11D0-8D11-00A0C91BC942}") = "DNN", "DNN\DNN.vcxproj", "{3ECF2223-3D17-42F4-8B49-9B9E8A51E0A5}"
EndProject
Global
	GlobalSection(SolutionConfigurationPlatforms) = preSolution
		Debug|x64 = Debug|x64
		Debug|x86 = Debug|x86
		Release|x64 = Release|x64
		Release|x86 = Release|x86
	EndGlobalSection
	GlobalSection(ProjectConfigurationPlatforms) = postSolution
		{0023FF2A-40B6-4AC7-8D6F-2D357B706951}.Debug|x64.ActiveCfg = Debug|x64
		{0023FF2A-40B6-4AC7-8D6F-2D357B706951}.Debug|x64.Build.0 = Debug|x64
		{0023FF2A-40B6-4AC7-8D6F-2D357B706951}.Debug|x86.ActiveCfg = Debug|x64
		{0023FF2A-40B6-4AC7-8D6F-2D357B706951}.Release|x64.ActiveCfg = Release|x64
		{0023FF2A-40B6-4AC7-8D6F-2D357B706951}.Release|x64.Build.0 = Release|x64
		{0023FF2A-40B6-4AC7-8D6F-2D357B706951}.Release|x86.ActiveCfg = Release|x64
		{97E46EE3-951B-4313-AA7D-ABAA0E11EED1}.Debug|x64.ActiveCfg = Debug|x64
		{97E46EE3-951B-4313-AA7D-ABAA0E11EED1}.Debug|x64.Build.0 = Debug|x64
		{97E46EE3-951B-4313-AA7D-ABAA0E11EED1}.Debug|x86.ActiveCfg = Debug|x64
		{97E46EE3-951B-4313-AA7D-ABAA0E11EED1}.Release|x64.ActiveCfg = Release|x64
		{97E46EE3-951B-4313-AA7D-ABAA0E11EED1}.Release|x64.Build.0 = Release|x64
		{97E46EE3-951B-4313-AA7D-ABAA0E11EED1}.Release|x86.ActiveCfg = Release|x64
		{24CE26D2-7E1F-46B5-94EE-5C8EE209E19D}.Debug|x64.ActiveCfg = Debug|x64
		{24CE26D2-7E1F-46B5-94EE-5C8EE209E19D}.Debug|x64.Build.0 = Debug|x64
		{24CE26D2-7E1F-46B5-94EE-5C8EE209E19D}.Debug|x86.ActiveCfg = Debug|x64
		{24CE26D2-7E1F-46B5-94EE-5C8EE209E19D}.Release|x64.ActiveCfg = Release|x64
		{24CE26D2-7E1F-46B5-94EE-5C8EE209E19D}.Release|x64.Build.0 = Release|x64
		{24CE26D2-7E1F-46B5-94EE-5C8EE209E19D}.Release|x86.ActiveCfg = Release|x64
		{25B63C57-3B34-4217-89E1-DB9AD9A9ABB5}.Debug|x64.ActiveCfg = Debug|x64
		{25B63C57-3B34-4217-89E1-DB9AD9A9ABB5}.Debug|x64.Build.0 = Debug|x64
		{25B63C57-3B34-4217-89E1-DB9AD9A9ABB5}.Debug|x86.ActiveCfg = Debug|x64
		{25B63C57-3B34-4217-89E1-DB9AD9A9ABB5}.Release|x64.ActiveCfg = Release|x64
		{25B63C57-3B34-4217-89E1-DB9AD9A9ABB5}.Release|x64.Build.0 = Release|x64
		{25B63C57-3B34-4217-89E1-DB9AD9A9ABB5}.Release|x86.ActiveCfg = Release|x64
		{FF2F4166-A6E7-4D67-A62C-701C2721FA96}.Debug|x64.ActiveCfg = Debug|x64
		{FF2F4166-A6E7-4D67-A62C-701C2721FA96}.Debug|x64.Build.0 = Debug|x64
		{FF2F4166-A6E7-4D67-A62C-701C2721FA96}.Debug|x86.ActiveCfg = Debug|x64
		{FF2F4166-A6E7-4D67-A62C-701C2721FA96}.Release|x64.ActiveCfg = Release|x64
		{FF2F4166-A6E7-4D67-A62C-701C2721FA96}.Release|x64.Build.0 = Release|x64
		{FF2F4166-A6E7-4D67-A62C-701C2721FA96}.Release|x86.ActiveCfg = Release|x64
		{3ECF2223-3D17-42F4-8B49-9B9E8A51E0A5}.Debug|x64.ActiveCfg = Debug|x64
		{3ECF2223-3D17-42F4-8B49-9B9E8A51E0A5}.Debug|x64.Build.0 = Debug|x64
		{3ECF2223-3D17-42F4-8B49-9B9E8A51E0A5}.Debug|x86.ActiveCfg = Debug|Win32
		{3ECF2223-3D17-42F4-8B49-9B9E8A51E0A5}.Debug|x86.Build.0 = Debug|Win32
		{3ECF2223-3D17-42F4-8B49-9B9E8A51E0A5}.Release|x64.ActiveCfg = Release|x64
		{3ECF2223-3D17-42F4-8B49-9B9E8A51E0A5}.Release|x64.Build.0 = Release|x64
		{3ECF2223-3D17-42F4-8B49-9B9E8A51E0A5}.Release|x86.ActiveCfg = Release|Win32
		{3ECF2223-3D17-42F4-8B49-9B9E8A51E0A5}.Release|x86.Build.0 = Release|Win32
	EndGlobalSection
	GlobalSection(SolutionProperties) = preSolution
		HideSolutionNode = FALSE
	EndGlobalSection
	GlobalSection(ExtensibilityGlobals) = postSolution
		SolutionGuid = {7BFCB4CB-E33D-460A-B527-C754A1B6117A}
	EndGlobalSection
EndGlobal
