<?xml version="1.0" encoding="utf-8"?>
<Project ToolsVersion="4.0" xmlns="http://schemas.microsoft.com/developer/msbuild/2003">
  <ItemGroup>
    <Filter Include="资源文件">
      <UniqueIdentifier>{67DA6AB6-F800-4c08-8B7A-83BB121AAD01}</UniqueIdentifier>
      <Extensions>rc;ico;cur;bmp;dlg;rc2;rct;bin;rgs;gif;jpg;jpeg;jpe;resx;tiff;tif;png;wav;mfcribbon-ms</Extensions>
    </Filter>
    <Filter Include="include">
      <UniqueIdentifier>{4e9f1b39-f20b-40e0-aa4a-749d8e7c8f02}</UniqueIdentifier>
    </Filter>
    <Filter Include="src">
      <UniqueIdentifier>{709af052-52f8-490b-a32d-b6a9014802f7}</UniqueIdentifier>
    </Filter>
    <Filter Include="include\computergeometry">
      <UniqueIdentifier>{4687242f-2c41-44f5-9fe2-7d11521b5d83}</UniqueIdentifier>
    </Filter>
  </ItemGroup>
  <ItemGroup>
    <ClInclude Include="..\modules\computergeometry\include\computergeometry.hpp">
      <Filter>include</Filter>
    </ClInclude>
    <ClInclude Include="..\modules\computergeometry\include\computergeometry\geometrytypes.hpp">
      <Filter>include\computergeometry</Filter>
    </ClInclude>
  </ItemGroup>
  <ItemGroup>
    <ClCompile Include="..\modules\computergeometry\src\geometrytypes.cpp">
      <Filter>src</Filter>
    </ClCompile>
  </ItemGroup>
</Project>