<?xml version="1.0" encoding="utf-8"?>
<Project ToolsVersion="4.0" xmlns="http://schemas.microsoft.com/developer/msbuild/2003">
  <ItemGroup>
    <Filter Include="源文件">
      <UniqueIdentifier>{4FC737F1-C7A5-4376-A066-2A32D752A2FF}</UniqueIdentifier>
      <Extensions>cpp;c;cc;cxx;c++;cppm;ixx;def;odl;idl;hpj;bat;asm;asmx</Extensions>
    </Filter>
    <Filter Include="头文件">
      <UniqueIdentifier>{93995380-89BD-4b04-88EB-625FBE52EBFB}</UniqueIdentifier>
      <Extensions>h;hh;hpp;hxx;h++;hm;inl;inc;ipp;xsd</Extensions>
    </Filter>
    <Filter Include="资源文件">
      <UniqueIdentifier>{67DA6AB6-F800-4c08-8B7A-83BB121AAD01}</UniqueIdentifier>
      <Extensions>rc;ico;cur;bmp;dlg;rc2;rct;bin;rgs;gif;jpg;jpeg;jpe;resx;tiff;tif;png;wav;mfcribbon-ms</Extensions>
    </Filter>
    <Filter Include="include">
      <UniqueIdentifier>{1548ae9a-2b30-4deb-af8d-da04f8735762}</UniqueIdentifier>
    </Filter>
    <Filter Include="include\core">
      <UniqueIdentifier>{ab8f9e78-5b45-4559-952e-0dd03868f37c}</UniqueIdentifier>
    </Filter>
    <Filter Include="src">
      <UniqueIdentifier>{612f917d-42e5-4da3-a35f-f3374a3b479a}</UniqueIdentifier>
    </Filter>
  </ItemGroup>
  <ItemGroup>
    <ClInclude Include="..\modules\core\include\core.hpp">
      <Filter>include</Filter>
    </ClInclude>
    <ClInclude Include="..\modules\core\include\core\Complex.hpp">
      <Filter>include\core</Filter>
    </ClInclude>
    <ClInclude Include="..\modules\core\include\core\core_global.h">
      <Filter>include\core</Filter>
    </ClInclude>
    <ClInclude Include="..\modules\core\include\core\nadef.h">
      <Filter>include\core</Filter>
    </ClInclude>
    <ClInclude Include="..\modules\core\include\core\error.h">
      <Filter>include\core</Filter>
    </ClInclude>
    <ClInclude Include="..\modules\core\include\core\mat.h">
      <Filter>include\core</Filter>
    </ClInclude>
    <ClInclude Include="..\modules\core\include\core\datamanager.h">
      <Filter>include\core</Filter>
    </ClInclude>
    <ClInclude Include="..\modules\core\include\core\safememory.hpp">
      <Filter>include\core</Filter>
    </ClInclude>
    <ClInclude Include="..\modules\core\include\core\graphCore.hpp">
      <Filter>include\core</Filter>
    </ClInclude>
  </ItemGroup>
  <ItemGroup>
    <ClCompile Include="..\modules\core\src\error.cpp">
      <Filter>src</Filter>
    </ClCompile>
    <ClCompile Include="..\modules\core\src\mat.cpp">
      <Filter>src</Filter>
    </ClCompile>
    <ClCompile Include="..\modules\core\src\datamanager.cpp">
      <Filter>src</Filter>
    </ClCompile>
  </ItemGroup>
</Project>